
Microsoft Visual Studio Solution File, Format Version 12.00
# Visual Studio Version 16
VisualStudioVersion = 16.0.29020.237
MinimumVisualStudioVersion = 10.0.40219.1
Project("{FAE04EC0-301F-11D3-BF4B-00C04F79EFBC}") = "SchedulerOptimizerEngine.UnitTest", "SchedulerOptimizerEngine.UnitTest\SchedulerOptimizerEngine.UnitTest.csproj", "{3FD39DBD-6F02-469B-AFBC-6A26B8317612}"
EndProject
Global
	GlobalSection(SolutionConfigurationPlatforms) = preSolution
		Debug|Any CPU = Debug|Any CPU
		Release|Any CPU = Release|Any CPU
	EndGlobalSection
	GlobalSection(ProjectConfigurationPlatforms) = postSolution
		{3FD39DBD-6F02-469B-AFBC-6A26B8317612}.Debug|Any CPU.ActiveCfg = Debug|Any CPU
		{3FD39DBD-6F02-469B-AFBC-6A26B8317612}.Debug|Any CPU.Build.0 = Debug|Any CPU
		{3FD39DBD-6F02-469B-AFBC-6A26B8317612}.Release|Any CPU.ActiveCfg = Release|Any CPU
		{3FD39DBD-6F02-469B-AFBC-6A26B8317612}.Release|Any CPU.Build.0 = Release|Any CPU
	EndGlobalSection
	GlobalSection(SolutionProperties) = preSolution
		HideSolutionNode = FALSE
	EndGlobalSection
	GlobalSection(ExtensibilityGlobals) = postSolution
		SolutionGuid = {14C22EA7-68CE-411C-B556-3C82AC38656D}
	EndGlobalSection
EndGlobal
